
Microsoft Visual Studio Solution File, Format Version 12.00
# Visual Studio Version 17
VisualStudioVersion = 17.6.33815.320
MinimumVisualStudioVersion = 10.0.40219.1
Project("{FAE04EC0-301F-11D3-BF4B-00C04F79EFBC}") = "Assignment19-2", "Assignment19-2\Assignment19-2.csproj", "{B78DB76E-C1DB-42CE-B84C-0D6EC7CB0713}"
EndProject
Global
	GlobalSection(SolutionConfigurationPlatforms) = preSolution
		Debug|Any CPU = Debug|Any CPU
		Release|Any CPU = Release|Any CPU
	EndGlobalSection
	GlobalSection(ProjectConfigurationPlatforms) = postSolution
		{B78DB76E-C1DB-42CE-B84C-0D6EC7CB0713}.Debug|Any CPU.ActiveCfg = Debug|Any CPU
		{B78DB76E-C1DB-42CE-B84C-0D6EC7CB0713}.Debug|Any CPU.Build.0 = Debug|Any CPU
		{B78DB76E-C1DB-42CE-B84C-0D6EC7CB0713}.Release|Any CPU.ActiveCfg = Release|Any CPU
		{B78DB76E-C1DB-42CE-B84C-0D6EC7CB0713}.Release|Any CPU.Build.0 = Release|Any CPU
	EndGlobalSection
	GlobalSection(SolutionProperties) = preSolution
		HideSolutionNode = FALSE
	EndGlobalSection
	GlobalSection(ExtensibilityGlobals) = postSolution
		SolutionGuid = {17F26046-42FC-4AD3-82C1-4217AC9B5D7F}
	EndGlobalSection
EndGlobal
